
Microsoft Visual Studio Solution File, Format Version 12.00
# Visual Studio 15
VisualStudioVersion = 15.0.27703.2042
MinimumVisualStudioVersion = 10.0.40219.1
Project("{FAE04EC0-301F-11D3-BF4B-00C04F79EFBC}") = "GameDing", "WpfApp1\GameDing.csproj", "{77587295-0DB4-434E-8235-3C99CFFECF47}"
EndProject
Global
	GlobalSection(SolutionConfigurationPlatforms) = preSolution
		Debug|Any CPU = Debug|Any CPU
		Release|Any CPU = Release|Any CPU
	EndGlobalSection
	GlobalSection(ProjectConfigurationPlatforms) = postSolution
		{77587295-0DB4-434E-8235-3C99CFFECF47}.Debug|Any CPU.ActiveCfg = Debug|Any CPU
		{77587295-0DB4-434E-8235-3C99CFFECF47}.Debug|Any CPU.Build.0 = Debug|Any CPU
		{77587295-0DB4-434E-8235-3C99CFFECF47}.Release|Any CPU.ActiveCfg = Release|Any CPU
		{77587295-0DB4-434E-8235-3C99CFFECF47}.Release|Any CPU.Build.0 = Release|Any CPU
	EndGlobalSection
	GlobalSection(SolutionProperties) = preSolution
		HideSolutionNode = FALSE
	EndGlobalSection
	GlobalSection(ExtensibilityGlobals) = postSolution
		SolutionGuid = {1FCB39D5-2F6B-4D04-9CBE-5FF5EB312808}
	EndGlobalSection
EndGlobal
